
Microsoft Visual Studio Solution File, Format Version 12.00
# Visual Studio Version 17
VisualStudioVersion = 17.13.35806.99 d17.13
MinimumVisualStudioVersion = 10.0.40219.1
Project("{FAE04EC0-301F-11D3-BF4B-00C04F79EFBC}") = "CoveServicesAPI", "CoveServicesAPI\CoveServicesAPI.csproj", "{B7C2C5FA-F184-4051-99C8-18C7AD5AB0C9}"
EndProject
Project("{FAE04EC0-301F-11D3-BF4B-00C04F79EFBC}") = "CS.Models", "CS.Models\CS.Models.csproj", "{9BC606BD-0DC5-43CB-84AE-34DFF1702A96}"
EndProject
Project("{FAE04EC0-301F-11D3-BF4B-00C04F79EFBC}") = "CS.Data", "CS.Data\CS.Data.csproj", "{2451B3D5-9B43-4969-BC8C-144772BA6336}"
EndProject
Global
	GlobalSection(SolutionConfigurationPlatforms) = preSolution
		Debug|Any CPU = Debug|Any CPU
		Release|Any CPU = Release|Any CPU
	EndGlobalSection
	GlobalSection(ProjectConfigurationPlatforms) = postSolution
		{B7C2C5FA-F184-4051-99C8-18C7AD5AB0C9}.Debug|Any CPU.ActiveCfg = Debug|Any CPU
		{B7C2C5FA-F184-4051-99C8-18C7AD5AB0C9}.Debug|Any CPU.Build.0 = Debug|Any CPU
		{B7C2C5FA-F184-4051-99C8-18C7AD5AB0C9}.Release|Any CPU.ActiveCfg = Release|Any CPU
		{B7C2C5FA-F184-4051-99C8-18C7AD5AB0C9}.Release|Any CPU.Build.0 = Release|Any CPU
		{9BC606BD-0DC5-43CB-84AE-34DFF1702A96}.Debug|Any CPU.ActiveCfg = Debug|Any CPU
		{9BC606BD-0DC5-43CB-84AE-34DFF1702A96}.Debug|Any CPU.Build.0 = Debug|Any CPU
		{9BC606BD-0DC5-43CB-84AE-34DFF1702A96}.Release|Any CPU.ActiveCfg = Release|Any CPU
		{9BC606BD-0DC5-43CB-84AE-34DFF1702A96}.Release|Any CPU.Build.0 = Release|Any CPU
		{2451B3D5-9B43-4969-BC8C-144772BA6336}.Debug|Any CPU.ActiveCfg = Debug|Any CPU
		{2451B3D5-9B43-4969-BC8C-144772BA6336}.Debug|Any CPU.Build.0 = Debug|Any CPU
		{2451B3D5-9B43-4969-BC8C-144772BA6336}.Release|Any CPU.ActiveCfg = Release|Any CPU
		{2451B3D5-9B43-4969-BC8C-144772BA6336}.Release|Any CPU.Build.0 = Release|Any CPU
	EndGlobalSection
	GlobalSection(SolutionProperties) = preSolution
		HideSolutionNode = FALSE
	EndGlobalSection
	GlobalSection(ExtensibilityGlobals) = postSolution
		SolutionGuid = {6212E90C-06DA-4180-B126-8CF16AFE2693}
	EndGlobalSection
EndGlobal
